{
  "name": "fifoflow",
  "lockfileVersion": 3,
  "requires": true,
  "packages": {
    "": {
      "name": "fifoflow",
      "workspaces": [
        "packages/shared",
        "packages/server",
        "packages/client"
      ],
      "devDependencies": {
        "typescript": "^5.9.3"
      }
    },
    "node_modules/@fifoflow/client": {
      "resolved": "packages/client",
      "link": true
    },
    "node_modules/@fifoflow/server": {
      "resolved": "packages/server",
      "link": true
    },
    "node_modules/@fifoflow/shared": {
      "resolved": "packages/shared",
      "link": true
    },
    "node_modules/typescript": {
      "version": "5.9.3",
      "resolved": "https://registry.npmjs.org/typescript/-/typescript-5.9.3.tgz",
      "integrity": "sha512-jl1vZzPDinLr9eUt3J/t7V6FgNEw9QjvBPdysz9KfQDD41fQrC2Y4vKQdiaUpFT4bXlb1RHhLpp8wtm6M5TgSw==",
      "dev": true,
      "license": "Apache-2.0",
      "bin": {
        "tsc": "bin/tsc",
        "tsserver": "bin/tsserver"
      },
      "engines": {
        "node": ">=14.17"
      }
    },
    "node_modules/zod": {
      "version": "4.3.6",
      "resolved": "https://registry.npmjs.org/zod/-/zod-4.3.6.tgz",
      "integrity": "sha512-rftlrkhHZOcjDwkGlnUtZZkvaPHCsDATp4pGpuOOMDaTdDDXF91wuVDJoWoPsKX/3YPQ5fHuF3STjcYyKr+Qhg==",
      "license": "MIT",
      "funding": {
        "url": "https://github.com/sponsors/colinhacks"
      }
    },
    "packages/client": {
      "name": "@fifoflow/client",
      "version": "0.0.1",
      "dependencies": {
        "@fifoflow/shared": "*"
      }
    },
    "packages/server": {
      "name": "@fifoflow/server",
      "version": "0.0.1",
      "dependencies": {
        "@fifoflow/shared": "*"
      }
    },
    "packages/shared": {
      "name": "@fifoflow/shared",
      "version": "0.0.1",
      "dependencies": {
        "zod": "^4.3.6"
      }
    }
  }
}
